
Microsoft Visual Studio Solution File, Format Version 12.00
# Visual Studio Version 17
VisualStudioVersion = 17.14.37012.4 d17.14
MinimumVisualStudioVersion = 10.0.40219.1
Project("{FAE04EC0-301F-11D3-BF4B-00C04F79EFBC}") = "CraftCellar", "CraftCellar\CraftCellar.csproj", "{BD630936-33C9-49E5-B12F-9477A7928387}"
EndProject
Global
	GlobalSection(SolutionConfigurationPlatforms) = preSolution
		Debug|Any CPU = Debug|Any CPU
		Release|Any CPU = Release|Any CPU
	EndGlobalSection
	GlobalSection(ProjectConfigurationPlatforms) = postSolution
		{BD630936-33C9-49E5-B12F-9477A7928387}.Debug|Any CPU.ActiveCfg = Debug|Any CPU
		{BD630936-33C9-49E5-B12F-9477A7928387}.Debug|Any CPU.Build.0 = Debug|Any CPU
		{BD630936-33C9-49E5-B12F-9477A7928387}.Release|Any CPU.ActiveCfg = Release|Any CPU
		{BD630936-33C9-49E5-B12F-9477A7928387}.Release|Any CPU.Build.0 = Release|Any CPU
	EndGlobalSection
	GlobalSection(SolutionProperties) = preSolution
		HideSolutionNode = FALSE
	EndGlobalSection
	GlobalSection(ExtensibilityGlobals) = postSolution
		SolutionGuid = {64029F88-7624-468D-B996-7FA3A7B7D384}
	EndGlobalSection
EndGlobal
